
Microsoft Visual Studio Solution File, Format Version 12.00
# Visual Studio Version 16
VisualStudioVersion = 16.0.30907.101
MinimumVisualStudioVersion = 10.0.40219.1
Project("{FAE04EC0-301F-11D3-BF4B-00C04F79EFBC}") = "MVC-Project", "MVC-Project.csproj", "{3E940DC4-CE6F-46A5-9D4F-AD6B8BE72FEA}"
EndProject
Global
	GlobalSection(SolutionConfigurationPlatforms) = preSolution
		Debug|Any CPU = Debug|Any CPU
		Release|Any CPU = Release|Any CPU
	EndGlobalSection
	GlobalSection(ProjectConfigurationPlatforms) = postSolution
		{3E940DC4-CE6F-46A5-9D4F-AD6B8BE72FEA}.Debug|Any CPU.ActiveCfg = Debug|Any CPU
		{3E940DC4-CE6F-46A5-9D4F-AD6B8BE72FEA}.Debug|Any CPU.Build.0 = Debug|Any CPU
		{3E940DC4-CE6F-46A5-9D4F-AD6B8BE72FEA}.Release|Any CPU.ActiveCfg = Release|Any CPU
		{3E940DC4-CE6F-46A5-9D4F-AD6B8BE72FEA}.Release|Any CPU.Build.0 = Release|Any CPU
	EndGlobalSection
	GlobalSection(SolutionProperties) = preSolution
		HideSolutionNode = FALSE
	EndGlobalSection
	GlobalSection(ExtensibilityGlobals) = postSolution
		SolutionGuid = {84EDF1D7-0DCE-43BB-9D85-101B9E100212}
	EndGlobalSection
EndGlobal
